
Microsoft Visual Studio Solution File, Format Version 12.00
Project("{FAE04EC0-301F-11D3-BF4B-00C04F79EFBC}") = "IPv4AndIPv6AnalyseTool", "IPv4AndIPv6AnalyseTool\IPv4AndIPv6AnalyseTool.csproj", "{F629A28C-AF03-44AF-AED6-1D5387640997}"
EndProject
Global
	GlobalSection(SolutionConfigurationPlatforms) = preSolution
		Debug|Any CPU = Debug|Any CPU
		Release|Any CPU = Release|Any CPU
	EndGlobalSection
	GlobalSection(ProjectConfigurationPlatforms) = postSolution
		{F629A28C-AF03-44AF-AED6-1D5387640997}.Debug|Any CPU.ActiveCfg = Debug|Any CPU
		{F629A28C-AF03-44AF-AED6-1D5387640997}.Debug|Any CPU.Build.0 = Debug|Any CPU
		{F629A28C-AF03-44AF-AED6-1D5387640997}.Release|Any CPU.ActiveCfg = Release|Any CPU
		{F629A28C-AF03-44AF-AED6-1D5387640997}.Release|Any CPU.Build.0 = Release|Any CPU
	EndGlobalSection
EndGlobal
